
Microsoft Visual Studio Solution File, Format Version 12.00
# Visual Studio Version 17
VisualStudioVersion = 17.9.34701.34
MinimumVisualStudioVersion = 10.0.40219.1
Project("{FAE04EC0-301F-11D3-BF4B-00C04F79EFBC}") = "banking", "banking\banking.csproj", "{75AEC2A2-58DB-4139-8189-D0387EEB95BA}"
EndProject
Global
	GlobalSection(SolutionConfigurationPlatforms) = preSolution
		Debug|Any CPU = Debug|Any CPU
		Release|Any CPU = Release|Any CPU
	EndGlobalSection
	GlobalSection(ProjectConfigurationPlatforms) = postSolution
		{75AEC2A2-58DB-4139-8189-D0387EEB95BA}.Debug|Any CPU.ActiveCfg = Debug|Any CPU
		{75AEC2A2-58DB-4139-8189-D0387EEB95BA}.Debug|Any CPU.Build.0 = Debug|Any CPU
		{75AEC2A2-58DB-4139-8189-D0387EEB95BA}.Release|Any CPU.ActiveCfg = Release|Any CPU
		{75AEC2A2-58DB-4139-8189-D0387EEB95BA}.Release|Any CPU.Build.0 = Release|Any CPU
	EndGlobalSection
	GlobalSection(SolutionProperties) = preSolution
		HideSolutionNode = FALSE
	EndGlobalSection
	GlobalSection(ExtensibilityGlobals) = postSolution
		SolutionGuid = {8CD4735A-D88E-4901-9E6E-190083C613A4}
	EndGlobalSection
EndGlobal
